Microsoft Visual Studio Solution File, Format Version 8.00
Project("{FAE04EC0-301F-11D3-BF4B-00C04F79EFBC}") = "NativeProbe", "NativeProbe.csproj", "{16BB6B1B-9AC8-4F28-8E3B-A150DC5A78D7}"
	ProjectSection(ProjectDependencies) = postProject
	EndProjectSection
EndProject
Global
	GlobalSection(SolutionConfiguration) = preSolution
		Debug = Debug
		Release = Release
	EndGlobalSection
	GlobalSection(ProjectConfiguration) = postSolution
		{16BB6B1B-9AC8-4F28-8E3B-A150DC5A78D7}.Debug.ActiveCfg = Debug|.NET
		{16BB6B1B-9AC8-4F28-8E3B-A150DC5A78D7}.Debug.Build.0 = Debug|.NET
		{16BB6B1B-9AC8-4F28-8E3B-A150DC5A78D7}.Release.ActiveCfg = Release|.NET
		{16BB6B1B-9AC8-4F28-8E3B-A150DC5A78D7}.Release.Build.0 = Release|.NET
	EndGlobalSection
	GlobalSection(ExtensibilityGlobals) = postSolution
	EndGlobalSection
	GlobalSection(ExtensibilityAddIns) = postSolution
	EndGlobalSection
EndGlobal
